
Microsoft Visual Studio Solution File, Format Version 12.00
Project("{FAE04EC0-301F-11D3-BF4B-00C04F79EFBC}") = "QueryableIEnumerableAPI", "QueryableIEnumerableAPI\QueryableIEnumerableAPI.csproj", "{F61C8B32-4338-47AE-8AF5-DAFB95037AB6}"
EndProject
Global
	GlobalSection(SolutionConfigurationPlatforms) = preSolution
		Debug|Any CPU = Debug|Any CPU
		Release|Any CPU = Release|Any CPU
	EndGlobalSection
	GlobalSection(ProjectConfigurationPlatforms) = postSolution
		{F61C8B32-4338-47AE-8AF5-DAFB95037AB6}.Debug|Any CPU.ActiveCfg = Debug|Any CPU
		{F61C8B32-4338-47AE-8AF5-DAFB95037AB6}.Debug|Any CPU.Build.0 = Debug|Any CPU
		{F61C8B32-4338-47AE-8AF5-DAFB95037AB6}.Release|Any CPU.ActiveCfg = Release|Any CPU
		{F61C8B32-4338-47AE-8AF5-DAFB95037AB6}.Release|Any CPU.Build.0 = Release|Any CPU
	EndGlobalSection
EndGlobal
